// !$*UTF8*$!
{
	archiveVersion = 1;
	classes = {
	};
	objectVersion = 77;
	objects = {

/* Begin PBXBuildFile section */
		08350CF7A9363D6670A40F57 /* PhotosModel.swift in Sources */ = {isa = PBXBuildFile; fileRef = BD5F6F371803E4A7D2AD276D /* PhotosModel.swift */; };
		105854BC187787B083A4F076 /* TestSupport.swift in Sources */ = {isa = PBXBuildFile; fileRef = F8B5690BD32A529AB971A146 /* TestSupport.swift */; };
		129E4836237367D7F79611B6 /* PhotoImporter.swift in Sources */ = {isa = PBXBuildFile; fileRef = D7F5EC2AFA69603824B2735D /* PhotoImporter.swift */; };
		1401817030C7D603D0AC18BC /* AuthService.swift in Sources */ = {isa = PBXBuildFile; fileRef = 5C60A1116C1516F216C23EA5 /* AuthService.swift */; };
		15BDE43EFB9ACFE3F676883E /* AuthTokens.swift in Sources */ = {isa = PBXBuildFile; fileRef = 3C14AD9A359F5B2549ABC0B0 /* AuthTokens.swift */; };
		17C59B2F68C2F30F377C94CB /* WebAuthenticator.swift in Sources */ = {isa = PBXBuildFile; fileRef = EE5EE1C3E39869588FCAAE93 /* WebAuthenticator.swift */; };
		1D73D821FA3B7D5735A4DB99 /* UploadPreparation.swift in Sources */ = {isa = PBXBuildFile; fileRef = 7A6A5E97AF88C0A20BABFB61 /* UploadPreparation.swift */; };
		377097A3B3D6E7A362887245 /* SignedOutView.swift in Sources */ = {isa = PBXBuildFile; fileRef = 794BE9EBE9FE7E7018F8791C /* SignedOutView.swift */; };
		3F6FC0DAFF197589AD981DC4 /* MultipartFormBody.swift in Sources */ = {isa = PBXBuildFile; fileRef = 633E9226244275DA87C658B3 /* MultipartFormBody.swift */; };
		52D6E7418A3D2DB19CBE5D11 /* PhotoTests.swift in Sources */ = {isa = PBXBuildFile; fileRef = 0937E065E09847C7D4A2175E /* PhotoTests.swift */; };
		547870213E067BFEA4F80013 /* AppConfig.swift in Sources */ = {isa = PBXBuildFile; fileRef = A2E80C544C282D1404774AB9 /* AppConfig.swift */; };
		5C8C859E636E138B2C17A30B /* LocationExtractor.swift in Sources */ = {isa = PBXBuildFile; fileRef = 676505AD89966AD8149859F5 /* LocationExtractor.swift */; };
		617C6ED5CB599A717A23CE79 /* MapFit.swift in Sources */ = {isa = PBXBuildFile; fileRef = 843E811FF58A10AEE5DF85F4 /* MapFit.swift */; };
		642CC0CFDD68DC31CF0CC74A /* PKCE.swift in Sources */ = {isa = PBXBuildFile; fileRef = 08BACAE73767CC47E9DD3D11 /* PKCE.swift */; };
		74D4854703EFFFB0912091F0 /* PhotoDetailView.swift in Sources */ = {isa = PBXBuildFile; fileRef = F31F02FE95C1103E8D7DC799 /* PhotoDetailView.swift */; };
		8559601CBAFBC78DCC1A0F4F /* CognitoEndpoints.swift in Sources */ = {isa = PBXBuildFile; fileRef = 41A9D28EC4B917059A7A3849 /* CognitoEndpoints.swift */; };
		8A565A67789B3D06A54EFBDA /* APITests.swift in Sources */ = {isa = PBXBuildFile; fileRef = B98247DFAE9CA3C2CFBCE8C8 /* APITests.swift */; };
		A0A658C295FDAA7076506F53 /* NetworkTests.swift in Sources */ = {isa = PBXBuildFile; fileRef = 2E192DD289904CC0858F0BF9 /* NetworkTests.swift */; };
		AAB500CD19241B5C9C61F1E3 /* PictureWareApp.swift in Sources */ = {isa = PBXBuildFile; fileRef = 3D27EB657828A2EC72773DFC /* PictureWareApp.swift */; };
		AE6EE908065169ECA042BCD9 /* AuthTests.swift in Sources */ = {isa = PBXBuildFile; fileRef = A0690F6F64141104EE288D44 /* AuthTests.swift */; };
		CD241C810D6EA1F384F648EB /* KeychainStore.swift in Sources */ = {isa = PBXBuildFile; fileRef = 74FE9840A940F878E33B3883 /* KeychainStore.swift */; };
		D0129A151FD4B1B6E04DBB57 /* APIClient.swift in Sources */ = {isa = PBXBuildFile; fileRef = C6F344FB75A895E6AC5E5125 /* APIClient.swift */; };
		D687DE8578D88CAEC2814A48 /* Assets.xcassets in Resources */ = {isa = PBXBuildFile; fileRef = CA1F59710567F9C3EF02E35B /* Assets.xcassets */; };
		E88CF0CA308A6F66CEA39EBB /* PhotoMapView.swift in Sources */ = {isa = PBXBuildFile; fileRef = 886B70D7347E749B23BD2B1A /* PhotoMapView.swift */; };
		EAE80EB19026E2FD54EA14A8 /* Models.swift in Sources */ = {isa = PBXBuildFile; fileRef = 23E6CAEC69F36413507E1E1B /* Models.swift */; };
/* End PBXBuildFile section */

/* Begin PBXContainerItemProxy section */
		3E01C7B30813AEECBAC4192C /* PBXContainerItemProxy */ = {
			isa = PBXContainerItemProxy;
			containerPortal = E6DC1E4382492A98258CDCF2 /* Project object */;
			proxyType = 1;
			remoteGlobalIDString = 900E39CEB259389DC440DD7B;
			remoteInfo = PictureWare;
		};
/* End PBXContainerItemProxy section */

/* Begin PBXFileReference section */
		08BACAE73767CC47E9DD3D11 /* PKCE.swift */ = {isa = PBXFileReference; lastKnownFileType = sourcecode.swift; path = PKCE.swift; sourceTree = "<group>"; };
		0937E065E09847C7D4A2175E /* PhotoTests.swift */ = {isa = PBXFileReference; lastKnownFileType = sourcecode.swift; path = PhotoTests.swift; sourceTree = "<group>"; };
		0CE5D2D6C13408B3A4B65928 /* Config.xcconfig */ = {isa = PBXFileReference; lastKnownFileType = text.xcconfig; path = Config.xcconfig; sourceTree = "<group>"; };
		23E6CAEC69F36413507E1E1B /* Models.swift */ = {isa = PBXFileReference; lastKnownFileType = sourcecode.swift; path = Models.swift; sourceTree = "<group>"; };
		2E192DD289904CC0858F0BF9 /* NetworkTests.swift */ = {isa = PBXFileReference; lastKnownFileType = sourcecode.swift; path = NetworkTests.swift; sourceTree = "<group>"; };
		3C14AD9A359F5B2549ABC0B0 /* AuthTokens.swift */ = {isa = PBXFileReference; lastKnownFileType = sourcecode.swift; path = AuthTokens.swift; sourceTree = "<group>"; };
		3D27EB657828A2EC72773DFC /* PictureWareApp.swift */ = {isa = PBXFileReference; lastKnownFileType = sourcecode.swift; path = PictureWareApp.swift; sourceTree = "<group>"; };
		41A9D28EC4B917059A7A3849 /* CognitoEndpoints.swift */ = {isa = PBXFileReference; lastKnownFileType = sourcecode.swift; path = CognitoEndpoints.swift; sourceTree = "<group>"; };
		586CB7B7C2D8FD464EE84DAD /* PictureWareTests.xctest */ = {isa = PBXFileReference; includeInIndex = 0; lastKnownFileType = wrapper.cfbundle; path = PictureWareTests.xctest; sourceTree = BUILT_PRODUCTS_DIR; };
		5C60A1116C1516F216C23EA5 /* AuthService.swift */ = {isa = PBXFileReference; lastKnownFileType = sourcecode.swift; path = AuthService.swift; sourceTree = "<group>"; };
		633E9226244275DA87C658B3 /* MultipartFormBody.swift */ = {isa = PBXFileReference; lastKnownFileType = sourcecode.swift; path = MultipartFormBody.swift; sourceTree = "<group>"; };
		676505AD89966AD8149859F5 /* LocationExtractor.swift */ = {isa = PBXFileReference; lastKnownFileType = sourcecode.swift; path = LocationExtractor.swift; sourceTree = "<group>"; };
		74FE9840A940F878E33B3883 /* KeychainStore.swift */ = {isa = PBXFileReference; lastKnownFileType = sourcecode.swift; path = KeychainStore.swift; sourceTree = "<group>"; };
		794BE9EBE9FE7E7018F8791C /* SignedOutView.swift */ = {isa = PBXFileReference; lastKnownFileType = sourcecode.swift; path = SignedOutView.swift; sourceTree = "<group>"; };
		7A6A5E97AF88C0A20BABFB61 /* UploadPreparation.swift */ = {isa = PBXFileReference; lastKnownFileType = sourcecode.swift; path = UploadPreparation.swift; sourceTree = "<group>"; };
		843E811FF58A10AEE5DF85F4 /* MapFit.swift */ = {isa = PBXFileReference; lastKnownFileType = sourcecode.swift; path = MapFit.swift; sourceTree = "<group>"; };
		8567CCD78CF44EF1DD023886 /* Info.plist */ = {isa = PBXFileReference; lastKnownFileType = text.plist; path = Info.plist; sourceTree = "<group>"; };
		886B70D7347E749B23BD2B1A /* PhotoMapView.swift */ = {isa = PBXFileReference; lastKnownFileType = sourcecode.swift; path = PhotoMapView.swift; sourceTree = "<group>"; };
		A0690F6F64141104EE288D44 /* AuthTests.swift */ = {isa = PBXFileReference; lastKnownFileType = sourcecode.swift; path = AuthTests.swift; sourceTree = "<group>"; };
		A2E80C544C282D1404774AB9 /* AppConfig.swift */ = {isa = PBXFileReference; lastKnownFileType = sourcecode.swift; path = AppConfig.swift; sourceTree = "<group>"; };
		A3C31443AA5865B5104D8C83 /* PictureWare.app */ = {isa = PBXFileReference; includeInIndex = 0; lastKnownFileType = wrapper.application; path = PictureWare.app; sourceTree = BUILT_PRODUCTS_DIR; };
		B98247DFAE9CA3C2CFBCE8C8 /* APITests.swift */ = {isa = PBXFileReference; lastKnownFileType = sourcecode.swift; path = APITests.swift; sourceTree = "<group>"; };
		BD5F6F371803E4A7D2AD276D /* PhotosModel.swift */ = {isa = PBXFileReference; lastKnownFileType = sourcecode.swift; path = PhotosModel.swift; sourceTree = "<group>"; };
		C6F344FB75A895E6AC5E5125 /* APIClient.swift */ = {isa = PBXFileReference; lastKnownFileType = sourcecode.swift; path = APIClient.swift; sourceTree = "<group>"; };
		CA1F59710567F9C3EF02E35B /* Assets.xcassets */ = {isa = PBXFileReference; lastKnownFileType = folder.assetcatalog; path = Assets.xcassets; sourceTree = "<group>"; };
		D7F5EC2AFA69603824B2735D /* PhotoImporter.swift */ = {isa = PBXFileReference; lastKnownFileType = sourcecode.swift; path = PhotoImporter.swift; sourceTree = "<group>"; };
		EE5EE1C3E39869588FCAAE93 /* WebAuthenticator.swift */ = {isa = PBXFileReference; lastKnownFileType = sourcecode.swift; path = WebAuthenticator.swift; sourceTree = "<group>"; };
		F31F02FE95C1103E8D7DC799 /* PhotoDetailView.swift */ = {isa = PBXFileReference; lastKnownFileType = sourcecode.swift; path = PhotoDetailView.swift; sourceTree = "<group>"; };
		F8B5690BD32A529AB971A146 /* TestSupport.swift */ = {isa = PBXFileReference; lastKnownFileType = sourcecode.swift; path = TestSupport.swift; sourceTree = "<group>"; };
/* End PBXFileReference section */

/* Begin PBXGroup section */
		4BDC446D96F0F48BDCB8F367 /* API */ = {
			isa = PBXGroup;
			children = (
				C6F344FB75A895E6AC5E5125 /* APIClient.swift */,
				23E6CAEC69F36413507E1E1B /* Models.swift */,
				633E9226244275DA87C658B3 /* MultipartFormBody.swift */,
			);
			path = API;
			sourceTree = "<group>";
		};
		5E9D3C587A4FCE9F67FC237A /* PictureWare */ = {
			isa = PBXGroup;
			children = (
				4BDC446D96F0F48BDCB8F367 /* API */,
				70DF4E2893D9FEF0DF1C2F16 /* App */,
				986F56E6206B61E1FF49AAEC /* Auth */,
				63D995D6088E67A02971F20C /* Photos */,
				9339F3E387356691E44C827D /* Resources */,
				E44737999F69CC485F319733 /* Views */,
			);
			path = PictureWare;
			sourceTree = "<group>";
		};
		63D995D6088E67A02971F20C /* Photos */ = {
			isa = PBXGroup;
			children = (
				676505AD89966AD8149859F5 /* LocationExtractor.swift */,
				D7F5EC2AFA69603824B2735D /* PhotoImporter.swift */,
				7A6A5E97AF88C0A20BABFB61 /* UploadPreparation.swift */,
			);
			path = Photos;
			sourceTree = "<group>";
		};
		6EED7A9E5BECF72DE7E87B72 = {
			isa = PBXGroup;
			children = (
				B5BA670C87F2978FBF0CB14A /* Config */,
				5E9D3C587A4FCE9F67FC237A /* PictureWare */,
				A2B1EBCF33669E8B4EC704BA /* PictureWareTests */,
				F0000CF3EC8390D895C6790D /* Products */,
			);
			sourceTree = "<group>";
		};
		70DF4E2893D9FEF0DF1C2F16 /* App */ = {
			isa = PBXGroup;
			children = (
				A2E80C544C282D1404774AB9 /* AppConfig.swift */,
				BD5F6F371803E4A7D2AD276D /* PhotosModel.swift */,
				3D27EB657828A2EC72773DFC /* PictureWareApp.swift */,
			);
			path = App;
			sourceTree = "<group>";
		};
		9339F3E387356691E44C827D /* Resources */ = {
			isa = PBXGroup;
			children = (
				CA1F59710567F9C3EF02E35B /* Assets.xcassets */,
				8567CCD78CF44EF1DD023886 /* Info.plist */,
			);
			path = Resources;
			sourceTree = "<group>";
		};
		986F56E6206B61E1FF49AAEC /* Auth */ = {
			isa = PBXGroup;
			children = (
				5C60A1116C1516F216C23EA5 /* AuthService.swift */,
				3C14AD9A359F5B2549ABC0B0 /* AuthTokens.swift */,
				41A9D28EC4B917059A7A3849 /* CognitoEndpoints.swift */,
				74FE9840A940F878E33B3883 /* KeychainStore.swift */,
				08BACAE73767CC47E9DD3D11 /* PKCE.swift */,
				EE5EE1C3E39869588FCAAE93 /* WebAuthenticator.swift */,
			);
			path = Auth;
			sourceTree = "<group>";
		};
		A2B1EBCF33669E8B4EC704BA /* PictureWareTests */ = {
			isa = PBXGroup;
			children = (
				B98247DFAE9CA3C2CFBCE8C8 /* APITests.swift */,
				A0690F6F64141104EE288D44 /* AuthTests.swift */,
				2E192DD289904CC0858F0BF9 /* NetworkTests.swift */,
				0937E065E09847C7D4A2175E /* PhotoTests.swift */,
				B5AEC4A43E79A2DA83C4C41A /* Support */,
			);
			path = PictureWareTests;
			sourceTree = "<group>";
		};
		B5AEC4A43E79A2DA83C4C41A /* Support */ = {
			isa = PBXGroup;
			children = (
				F8B5690BD32A529AB971A146 /* TestSupport.swift */,
			);
			path = Support;
			sourceTree = "<group>";
		};
		B5BA670C87F2978FBF0CB14A /* Config */ = {
			isa = PBXGroup;
			children = (
				0CE5D2D6C13408B3A4B65928 /* Config.xcconfig */,
			);
			path = Config;
			sourceTree = "<group>";
		};
		E44737999F69CC485F319733 /* Views */ = {
			isa = PBXGroup;
			children = (
				843E811FF58A10AEE5DF85F4 /* MapFit.swift */,
				F31F02FE95C1103E8D7DC799 /* PhotoDetailView.swift */,
				886B70D7347E749B23BD2B1A /* PhotoMapView.swift */,
				794BE9EBE9FE7E7018F8791C /* SignedOutView.swift */,
			);
			path = Views;
			sourceTree = "<group>";
		};
		F0000CF3EC8390D895C6790D /* Products */ = {
			isa = PBXGroup;
			children = (
				A3C31443AA5865B5104D8C83 /* PictureWare.app */,
				586CB7B7C2D8FD464EE84DAD /* PictureWareTests.xctest */,
			);
			name = Products;
			sourceTree = "<group>";
		};
/* End PBXGroup section */

/* Begin PBXNativeTarget section */
		900E39CEB259389DC440DD7B /* PictureWare */ = {
			isa = PBXNativeTarget;
			buildConfigurationList = BE82707A4ADD0FB0F56A6244 /* Build configuration list for PBXNativeTarget "PictureWare" */;
			buildPhases = (
				682E5739F1F36A1C3BE35921 /* Sources */,
				5C203F7ED2628E96D23CEC4F /* Resources */,
			);
			buildRules = (
			);
			dependencies = (
			);
			name = PictureWare;
			packageProductDependencies = (
			);
			productName = PictureWare;
			productReference = A3C31443AA5865B5104D8C83 /* PictureWare.app */;
			productType = "com.apple.product-type.application";
		};
		DC9E263373A053C717948D43 /* PictureWareTests */ = {
			isa = PBXNativeTarget;
			buildConfigurationList = 2B1612E018488FB311EEE810 /* Build configuration list for PBXNativeTarget "PictureWareTests" */;
			buildPhases = (
				25872F492781BE3DB077D686 /* Sources */,
			);
			buildRules = (
			);
			dependencies = (
				27A384386AF4590CAB319FAB /* PBXTargetDependency */,
			);
			name = PictureWareTests;
			packageProductDependencies = (
			);
			productName = PictureWareTests;
			productReference = 586CB7B7C2D8FD464EE84DAD /* PictureWareTests.xctest */;
			productType = "com.apple.product-type.bundle.unit-test";
		};
/* End PBXNativeTarget section */

/* Begin PBXProject section */
		E6DC1E4382492A98258CDCF2 /* Project object */ = {
			isa = PBXProject;
			attributes = {
				BuildIndependentTargetsInParallel = YES;
				LastUpgradeCheck = 1430;
				TargetAttributes = {
					900E39CEB259389DC440DD7B = {
						DevelopmentTeam = "";
						ProvisioningStyle = Automatic;
					};
					DC9E263373A053C717948D43 = {
						DevelopmentTeam = "";
					};
				};
			};
			buildConfigurationList = 4E86629CE8EF3EFCA500972A /* Build configuration list for PBXProject "PictureWare" */;
			developmentRegion = en;
			hasScannedForEncodings = 0;
			knownRegions = (
				Base,
				en,
			);
			mainGroup = 6EED7A9E5BECF72DE7E87B72;
			minimizedProjectReferenceProxies = 1;
			preferredProjectObjectVersion = 77;
			productRefGroup = F0000CF3EC8390D895C6790D /* Products */;
			projectDirPath = "";
			projectRoot = "";
			targets = (
				900E39CEB259389DC440DD7B /* PictureWare */,
				DC9E263373A053C717948D43 /* PictureWareTests */,
			);
		};
/* End PBXProject section */

/* Begin PBXResourcesBuildPhase section */
		5C203F7ED2628E96D23CEC4F /* Resources */ = {
			isa = PBXResourcesBuildPhase;
			buildActionMask = 2147483647;
			files = (
				D687DE8578D88CAEC2814A48 /* Assets.xcassets in Resources */,
			);
			runOnlyForDeploymentPostprocessing = 0;
		};
/* End PBXResourcesBuildPhase section */

/* Begin PBXSourcesBuildPhase section */
		25872F492781BE3DB077D686 /* Sources */ = {
			isa = PBXSourcesBuildPhase;
			buildActionMask = 2147483647;
			files = (
				8A565A67789B3D06A54EFBDA /* APITests.swift in Sources */,
				AE6EE908065169ECA042BCD9 /* AuthTests.swift in Sources */,
				A0A658C295FDAA7076506F53 /* NetworkTests.swift in Sources */,
				52D6E7418A3D2DB19CBE5D11 /* PhotoTests.swift in Sources */,
				105854BC187787B083A4F076 /* TestSupport.swift in Sources */,
			);
			runOnlyForDeploymentPostprocessing = 0;
		};
		682E5739F1F36A1C3BE35921 /* Sources */ = {
			isa = PBXSourcesBuildPhase;
			buildActionMask = 2147483647;
			files = (
				D0129A151FD4B1B6E04DBB57 /* APIClient.swift in Sources */,
				547870213E067BFEA4F80013 /* AppConfig.swift in Sources */,
				1401817030C7D603D0AC18BC /* AuthService.swift in Sources */,
				15BDE43EFB9ACFE3F676883E /* AuthTokens.swift in Sources */,
				8559601CBAFBC78DCC1A0F4F /* CognitoEndpoints.swift in Sources */,
				CD241C810D6EA1F384F648EB /* KeychainStore.swift in Sources */,
				5C8C859E636E138B2C17A30B /* LocationExtractor.swift in Sources */,
				617C6ED5CB599A717A23CE79 /* MapFit.swift in Sources */,
				EAE80EB19026E2FD54EA14A8 /* Models.swift in Sources */,
				3F6FC0DAFF197589AD981DC4 /* MultipartFormBody.swift in Sources */,
				642CC0CFDD68DC31CF0CC74A /* PKCE.swift in Sources */,
				74D4854703EFFFB0912091F0 /* PhotoDetailView.swift in Sources */,
				129E4836237367D7F79611B6 /* PhotoImporter.swift in Sources */,
				E88CF0CA308A6F66CEA39EBB /* PhotoMapView.swift in Sources */,
				08350CF7A9363D6670A40F57 /* PhotosModel.swift in Sources */,
				AAB500CD19241B5C9C61F1E3 /* PictureWareApp.swift in Sources */,
				377097A3B3D6E7A362887245 /* SignedOutView.swift in Sources */,
				1D73D821FA3B7D5735A4DB99 /* UploadPreparation.swift in Sources */,
				17C59B2F68C2F30F377C94CB /* WebAuthenticator.swift in Sources */,
			);
			runOnlyForDeploymentPostprocessing = 0;
		};
/* End PBXSourcesBuildPhase section */

/* Begin PBXTargetDependency section */
		27A384386AF4590CAB319FAB /* PBXTargetDependency */ = {
			isa = PBXTargetDependency;
			target = 900E39CEB259389DC440DD7B /* PictureWare */;
			targetProxy = 3E01C7B30813AEECBAC4192C /* PBXContainerItemProxy */;
		};
/* End PBXTargetDependency section */

/* Begin XCBuildConfiguration section */
		17AD90C8AFD3FF89A3C75A66 /* Release */ = {
			isa = XCBuildConfiguration;
			buildSettings = {
				BUNDLE_LOADER = "$(TEST_HOST)";
				GENERATE_INFOPLIST_FILE = YES;
				LD_RUNPATH_SEARCH_PATHS = (
					"$(inherited)",
					"@executable_path/Frameworks",
					"@loader_path/Frameworks",
				);
				PRODUCT_BUNDLE_IDENTIFIER = com.agodura.pictureware.tests;
				SDKROOT = iphoneos;
				TARGETED_DEVICE_FAMILY = "1,2";
				TEST_HOST = "$(BUILT_PRODUCTS_DIR)/PictureWare.app/PictureWare";
			};
			name = Release;
		};
		503FC20DAF3F78BF80701788 /* Release */ = {
			isa = XCBuildConfiguration;
			buildSettings = {
				ALWAYS_SEARCH_USER_PATHS = NO;
				CLANG_ANALYZER_NONNULL = YES;
				CLANG_ANALYZER_NUMBER_OBJECT_CONVERSION = YES_AGGRESSIVE;
				CLANG_CXX_LANGUAGE_STANDARD = "gnu++14";
				CLANG_CXX_LIBRARY = "libc++";
				CLANG_ENABLE_MODULES = YES;
				CLANG_ENABLE_OBJC_ARC = YES;
				CLANG_ENABLE_OBJC_WEAK = YES;
				CLANG_WARN_BLOCK_CAPTURE_AUTORELEASING = YES;
				CLANG_WARN_BOOL_CONVERSION = YES;
				CLANG_WARN_COMMA = YES;
				CLANG_WARN_CONSTANT_CONVERSION = YES;
				CLANG_WARN_DEPRECATED_OBJC_IMPLEMENTATIONS = YES;
				CLANG_WARN_DIRECT_OBJC_ISA_USAGE = YES_ERROR;
				CLANG_WARN_DOCUMENTATION_COMMENTS = YES;
				CLANG_WARN_EMPTY_BODY = YES;
				CLANG_WARN_ENUM_CONVERSION = YES;
				CLANG_WARN_INFINITE_RECURSION = YES;
				CLANG_WARN_INT_CONVERSION = YES;
				CLANG_WARN_NON_LITERAL_NULL_CONVERSION = YES;
				CLANG_WARN_OBJC_IMPLICIT_RETAIN_SELF = YES;
				CLANG_WARN_OBJC_LITERAL_CONVERSION = YES;
				CLANG_WARN_OBJC_ROOT_CLASS = YES_ERROR;
				CLANG_WARN_QUOTED_INCLUDE_IN_FRAMEWORK_HEADER = YES;
				CLANG_WARN_RANGE_LOOP_ANALYSIS = YES;
				CLANG_WARN_STRICT_PROTOTYPES = YES;
				CLANG_WARN_SUSPICIOUS_MOVE = YES;
				CLANG_WARN_UNGUARDED_AVAILABILITY = YES_AGGRESSIVE;
				CLANG_WARN_UNREACHABLE_CODE = YES;
				CLANG_WARN__DUPLICATE_METHOD_MATCH = YES;
				COPY_PHASE_STRIP = NO;
				CURRENT_PROJECT_VERSION = 1;
				DEBUG_INFORMATION_FORMAT = "dwarf-with-dsym";
				DEVELOPMENT_TEAM = "";
				ENABLE_NS_ASSERTIONS = NO;
				ENABLE_STRICT_OBJC_MSGSEND = YES;
				ENABLE_USER_SCRIPT_SANDBOXING = YES;
				GCC_C_LANGUAGE_STANDARD = gnu11;
				GCC_NO_COMMON_BLOCKS = YES;
				GCC_WARN_64_TO_32_BIT_CONVERSION = YES;
				GCC_WARN_ABOUT_RETURN_TYPE = YES_ERROR;
				GCC_WARN_UNDECLARED_SELECTOR = YES;
				GCC_WARN_UNINITIALIZED_AUTOS = YES_AGGRESSIVE;
				GCC_WARN_UNUSED_FUNCTION = YES;
				GCC_WARN_UNUSED_VARIABLE = YES;
				IPHONEOS_DEPLOYMENT_TARGET = 18.0;
				MARKETING_VERSION = 1.0;
				MTL_ENABLE_DEBUG_INFO = NO;
				MTL_FAST_MATH = YES;
				PRODUCT_NAME = "$(TARGET_NAME)";
				SDKROOT = iphoneos;
				SWIFT_COMPILATION_MODE = wholemodule;
				SWIFT_OPTIMIZATION_LEVEL = "-O";
				SWIFT_STRICT_CONCURRENCY = complete;
				SWIFT_VERSION = 6.0;
			};
			name = Release;
		};
		5B005580B660AC8ED0A65E1D /* Release */ = {
			isa = XCBuildConfiguration;
			baseConfigurationReference = 0CE5D2D6C13408B3A4B65928 /* Config.xcconfig */;
			buildSettings = {
				ASSETCATALOG_COMPILER_APPICON_NAME = AppIcon;
				ASSETCATALOG_COMPILER_GLOBAL_ACCENT_COLOR_NAME = AccentColor;
				CODE_SIGN_IDENTITY = "iPhone Developer";
				CODE_SIGN_STYLE = Automatic;
				INFOPLIST_FILE = PictureWare/Resources/Info.plist;
				LD_RUNPATH_SEARCH_PATHS = (
					"$(inherited)",
					"@executable_path/Frameworks",
				);
				PRODUCT_BUNDLE_IDENTIFIER = com.agodura.pictureware;
				PRODUCT_NAME = PictureWare;
				SDKROOT = iphoneos;
				TARGETED_DEVICE_FAMILY = 1;
			};
			name = Release;
		};
		639E52229A808231A5211930 /* Debug */ = {
			isa = XCBuildConfiguration;
			baseConfigurationReference = 0CE5D2D6C13408B3A4B65928 /* Config.xcconfig */;
			buildSettings = {
				ASSETCATALOG_COMPILER_APPICON_NAME = AppIcon;
				ASSETCATALOG_COMPILER_GLOBAL_ACCENT_COLOR_NAME = AccentColor;
				CODE_SIGN_IDENTITY = "iPhone Developer";
				CODE_SIGN_STYLE = Automatic;
				INFOPLIST_FILE = PictureWare/Resources/Info.plist;
				LD_RUNPATH_SEARCH_PATHS = (
					"$(inherited)",
					"@executable_path/Frameworks",
				);
				PRODUCT_BUNDLE_IDENTIFIER = com.agodura.pictureware;
				PRODUCT_NAME = PictureWare;
				SDKROOT = iphoneos;
				TARGETED_DEVICE_FAMILY = 1;
			};
			name = Debug;
		};
		6DFA03DEDB605C1E86E55B86 /* Debug */ = {
			isa = XCBuildConfiguration;
			buildSettings = {
				ALWAYS_SEARCH_USER_PATHS = NO;
				CLANG_ANALYZER_NONNULL = YES;
				CLANG_ANALYZER_NUMBER_OBJECT_CONVERSION = YES_AGGRESSIVE;
				CLANG_CXX_LANGUAGE_STANDARD = "gnu++14";
				CLANG_CXX_LIBRARY = "libc++";
				CLANG_ENABLE_MODULES = YES;
				CLANG_ENABLE_OBJC_ARC = YES;
				CLANG_ENABLE_OBJC_WEAK = YES;
				CLANG_WARN_BLOCK_CAPTURE_AUTORELEASING = YES;
				CLANG_WARN_BOOL_CONVERSION = YES;
				CLANG_WARN_COMMA = YES;
				CLANG_WARN_CONSTANT_CONVERSION = YES;
				CLANG_WARN_DEPRECATED_OBJC_IMPLEMENTATIONS = YES;
				CLANG_WARN_DIRECT_OBJC_ISA_USAGE = YES_ERROR;
				CLANG_WARN_DOCUMENTATION_COMMENTS = YES;
				CLANG_WARN_EMPTY_BODY = YES;
				CLANG_WARN_ENUM_CONVERSION = YES;
				CLANG_WARN_INFINITE_RECURSION = YES;
				CLANG_WARN_INT_CONVERSION = YES;
				CLANG_WARN_NON_LITERAL_NULL_CONVERSION = YES;
				CLANG_WARN_OBJC_IMPLICIT_RETAIN_SELF = YES;
				CLANG_WARN_OBJC_LITERAL_CONVERSION = YES;
				CLANG_WARN_OBJC_ROOT_CLASS = YES_ERROR;
				CLANG_WARN_QUOTED_INCLUDE_IN_FRAMEWORK_HEADER = YES;
				CLANG_WARN_RANGE_LOOP_ANALYSIS = YES;
				CLANG_WARN_STRICT_PROTOTYPES = YES;
				CLANG_WARN_SUSPICIOUS_MOVE = YES;
				CLANG_WARN_UNGUARDED_AVAILABILITY = YES_AGGRESSIVE;
				CLANG_WARN_UNREACHABLE_CODE = YES;
				CLANG_WARN__DUPLICATE_METHOD_MATCH = YES;
				COPY_PHASE_STRIP = NO;
				CURRENT_PROJECT_VERSION = 1;
				DEBUG_INFORMATION_FORMAT = dwarf;
				DEVELOPMENT_TEAM = "";
				ENABLE_STRICT_OBJC_MSGSEND = YES;
				ENABLE_TESTABILITY = YES;
				ENABLE_USER_SCRIPT_SANDBOXING = YES;
				GCC_C_LANGUAGE_STANDARD = gnu11;
				GCC_DYNAMIC_NO_PIC = NO;
				GCC_NO_COMMON_BLOCKS = YES;
				GCC_OPTIMIZATION_LEVEL = 0;
				GCC_PREPROCESSOR_DEFINITIONS = (
					"$(inherited)",
					"DEBUG=1",
				);
				GCC_WARN_64_TO_32_BIT_CONVERSION = YES;
				GCC_WARN_ABOUT_RETURN_TYPE = YES_ERROR;
				GCC_WARN_UNDECLARED_SELECTOR = YES;
				GCC_WARN_UNINITIALIZED_AUTOS = YES_AGGRESSIVE;
				GCC_WARN_UNUSED_FUNCTION = YES;
				GCC_WARN_UNUSED_VARIABLE = YES;
				IPHONEOS_DEPLOYMENT_TARGET = 18.0;
				MARKETING_VERSION = 1.0;
				MTL_ENABLE_DEBUG_INFO = INCLUDE_SOURCE;
				MTL_FAST_MATH = YES;
				ONLY_ACTIVE_ARCH = YES;
				PRODUCT_NAME = "$(TARGET_NAME)";
				SDKROOT = iphoneos;
				SWIFT_ACTIVE_COMPILATION_CONDITIONS = DEBUG;
				SWIFT_OPTIMIZATION_LEVEL = "-Onone";
				SWIFT_STRICT_CONCURRENCY = complete;
				SWIFT_VERSION = 6.0;
			};
			name = Debug;
		};
		74466167CBBB96909299EB0B /* Debug */ = {
			isa = XCBuildConfiguration;
			buildSettings = {
				BUNDLE_LOADER = "$(TEST_HOST)";
				GENERATE_INFOPLIST_FILE = YES;
				LD_RUNPATH_SEARCH_PATHS = (
					"$(inherited)",
					"@executable_path/Frameworks",
					"@loader_path/Frameworks",
				);
				PRODUCT_BUNDLE_IDENTIFIER = com.agodura.pictureware.tests;
				SDKROOT = iphoneos;
				TARGETED_DEVICE_FAMILY = "1,2";
				TEST_HOST = "$(BUILT_PRODUCTS_DIR)/PictureWare.app/PictureWare";
			};
			name = Debug;
		};
/* End XCBuildConfiguration section */

/* Begin XCConfigurationList section */
		2B1612E018488FB311EEE810 /* Build configuration list for PBXNativeTarget "PictureWareTests" */ = {
			isa = XCConfigurationList;
			buildConfigurations = (
				74466167CBBB96909299EB0B /* Debug */,
				17AD90C8AFD3FF89A3C75A66 /* Release */,
			);
			defaultConfigurationIsVisible = 0;
			defaultConfigurationName = Debug;
		};
		4E86629CE8EF3EFCA500972A /* Build configuration list for PBXProject "PictureWare" */ = {
			isa = XCConfigurationList;
			buildConfigurations = (
				6DFA03DEDB605C1E86E55B86 /* Debug */,
				503FC20DAF3F78BF80701788 /* Release */,
			);
			defaultConfigurationIsVisible = 0;
			defaultConfigurationName = Debug;
		};
		BE82707A4ADD0FB0F56A6244 /* Build configuration list for PBXNativeTarget "PictureWare" */ = {
			isa = XCConfigurationList;
			buildConfigurations = (
				639E52229A808231A5211930 /* Debug */,
				5B005580B660AC8ED0A65E1D /* Release */,
			);
			defaultConfigurationIsVisible = 0;
			defaultConfigurationName = Debug;
		};
/* End XCConfigurationList section */
	};
	rootObject = E6DC1E4382492A98258CDCF2 /* Project object */;
}
